# This file is automatically @generated by Cargo.
# It is not intended for manual editing.
version = 3

[[package]]
name = "ex07"
version = "0.1.0"
dependencies = [
 "ftkit",
]

[[package]]
name = "ftkit"
version = "0.1.11"
source = "registry+https://github.com/rust-lang/crates.io-index"
checksum = "d19b1cdce99029341d3c3ba28283650d81eb91a7f3a531ff961f679e9e79f936"
